
Microsoft Visual Studio Solution File, Format Version 12.00
# Visual Studio Version 17
VisualStudioVersion = 17.6.33829.357
MinimumVisualStudioVersion = 10.0.40219.1
Project("{FAE04EC0-301F-11D3-BF4B-00C04F79EFBC}") = "Casgem.JWT.API-Project", "Casgem.JWT.API-Project\Casgem.JWT.API-Project.csproj", "{08275975-1077-4BC6-8FD6-499C64540FF0}"
EndProject
Global
	GlobalSection(SolutionConfigurationPlatforms) = preSolution
		Debug|Any CPU = Debug|Any CPU
		Release|Any CPU = Release|Any CPU
	EndGlobalSection
	GlobalSection(ProjectConfigurationPlatforms) = postSolution
		{08275975-1077-4BC6-8FD6-499C64540FF0}.Debug|Any CPU.ActiveCfg = Debug|Any CPU
		{08275975-1077-4BC6-8FD6-499C64540FF0}.Debug|Any CPU.Build.0 = Debug|Any CPU
		{08275975-1077-4BC6-8FD6-499C64540FF0}.Release|Any CPU.ActiveCfg = Release|Any CPU
		{08275975-1077-4BC6-8FD6-499C64540FF0}.Release|Any CPU.Build.0 = Release|Any CPU
	EndGlobalSection
	GlobalSection(SolutionProperties) = preSolution
		HideSolutionNode = FALSE
	EndGlobalSection
	GlobalSection(ExtensibilityGlobals) = postSolution
		SolutionGuid = {D112B44A-24E8-4DB0-B7DD-87A1629853FC}
	EndGlobalSection
EndGlobal
